// !$*UTF8*$!
{
	archiveVersion = 1;
	classes = {
	};
	objectVersion = 48;
	objects = {

/* Begin PBXBuildFile section */
		070AC0FF1FB1B17400F052E5 /* AppDelegate.m in Sources */ = {isa = PBXBuildFile; fileRef = 070AC0FE1FB1B17400F052E5 /* AppDelegate.m */; };
		070AC1021FB1B17400F052E5 /* ViewController.m in Sources */ = {isa = PBXBuildFile; fileRef = 070AC1011FB1B17400F052E5 /* ViewController.m */; };
		070AC1051FB1B17500F052E5 /* Main.storyboard in Resources */ = {isa = PBXBuildFile; fileRef = 070AC1031FB1B17500F052E5 /* Main.storyboard */; };
		070AC1071FB1B17500F052E5 /* Assets.xcassets in Resources */ = {isa = PBXBuildFile; fileRef = 070AC1061FB1B17500F052E5 /* Assets.xcassets */; };
		070AC10A1FB1B17500F052E5 /* LaunchScreen.storyboard in Resources */ = {isa = PBXBuildFile; fileRef = 070AC1081FB1B17500F052E5 /* LaunchScreen.storyboard */; };
		070AC10D1FB1B17500F052E5 /* main.m in Sources */ = {isa = PBXBuildFile; fileRef = 070AC10C1FB1B17500F052E5 /* main.m */; };
		070AC1151FB1B20400F052E5 /* DemoViewController.m in Sources */ = {isa = PBXBuildFile; fileRef = 070AC1131FB1B20400F052E5 /* DemoViewController.m */; };
		1050C2E9455BA2F1D2BDA00D /* libPods-SegmentPagerControllerExample.a in Frameworks */ = {isa = PBXBuildFile; fileRef = 6058C0C919B02F1FB41D724C /* libPods-SegmentPagerControllerExample.a */; };
/* End PBXBuildFile section */

/* Begin PBXFileReference section */
		070AC0FA1FB1B17400F052E5 /* SegmentPagerControllerExample.app */ = {isa = PBXFileReference; explicitFileType = wrapper.application; includeInIndex = 0; path = SegmentPagerControllerExample.app; sourceTree = BUILT_PRODUCTS_DIR; };
		070AC0FD1FB1B17400F052E5 /* AppDelegate.h */ = {isa = PBXFileReference; lastKnownFileType = sourcecode.c.h; path = AppDelegate.h; sourceTree = "<group>"; };
		070AC0FE1FB1B17400F052E5 /* AppDelegate.m */ = {isa = PBXFileReference; lastKnownFileType = sourcecode.c.objc; path = AppDelegate.m; sourceTree = "<group>"; };
		070AC1001FB1B17400F052E5 /* ViewController.h */ = {isa = PBXFileReference; lastKnownFileType = sourcecode.c.h; path = ViewController.h; sourceTree = "<group>"; };
		070AC1011FB1B17400F052E5 /* ViewController.m */ = {isa = PBXFileReference; lastKnownFileType = sourcecode.c.objc; path = ViewController.m; sourceTree = "<group>"; };
		070AC1041FB1B17500F052E5 /* Base */ = {isa = PBXFileReference; lastKnownFileType = file.storyboard; name = Base; path = Base.lproj/Main.storyboard; sourceTree = "<group>"; };
		070AC1061FB1B17500F052E5 /* Assets.xcassets */ = {isa = PBXFileReference; lastKnownFileType = folder.assetcatalog; path = Assets.xcassets; sourceTree = "<group>"; };
		070AC1091FB1B17500F052E5 /* Base */ = {isa = PBXFileReference; lastKnownFileType = file.storyboard; name = Base; path = Base.lproj/LaunchScreen.storyboard; sourceTree = "<group>"; };
		070AC10B1FB1B17500F052E5 /* Info.plist */ = {isa = PBXFileReference; lastKnownFileType = text.plist.xml; path = Info.plist; sourceTree = "<group>"; };
		070AC10C1FB1B17500F052E5 /* main.m */ = {isa = PBXFileReference; lastKnownFileType = sourcecode.c.objc; path = main.m; sourceTree = "<group>"; };
		070AC1131FB1B20400F052E5 /* DemoViewController.m */ = {isa = PBXFileReference; fileEncoding = 4; lastKnownFileType = sourcecode.c.objc; path = DemoViewController.m; sourceTree = "<group>"; };
		070AC1141FB1B20400F052E5 /* DemoViewController.h */ = {isa = PBXFileReference; fileEncoding = 4; lastKnownFileType = sourcecode.c.h; path = DemoViewController.h; sourceTree = "<group>"; };
		5DAB6D64A3A875D8678536F0 /* Pods-SegmentPagerControllerExample.debug.xcconfig */ = {isa = PBXFileReference; includeInIndex = 1; lastKnownFileType = text.xcconfig; name = "Pods-SegmentPagerControllerExample.debug.xcconfig"; path = "Pods/Target Support Files/Pods-SegmentPagerControllerExample/Pods-SegmentPagerControllerExample.debug.xcconfig"; sourceTree = "<group>"; };
		6058C0C919B02F1FB41D724C /* libPods-SegmentPagerControllerExample.a */ = {isa = PBXFileReference; explicitFileType = archive.ar; includeInIndex = 0; path = "libPods-SegmentPagerControllerExample.a"; sourceTree = BUILT_PRODUCTS_DIR; };
		D1C2C45670132C51641EBEB9 /* Pods-SegmentPagerControllerExample.release.xcconfig */ = {isa = PBXFileReference; includeInIndex = 1; lastKnownFileType = text.xcconfig; name = "Pods-SegmentPagerControllerExample.release.xcconfig"; path = "Pods/Target Support Files/Pods-SegmentPagerControllerExample/Pods-SegmentPagerControllerExample.release.xcconfig"; sourceTree = "<group>"; };
/* End PBXFileReference section */

/* Begin PBXFrameworksBuildPhase section */
		070AC0F71FB1B17400F052E5 /* Frameworks */ = {
			isa = PBXFrameworksBuildPhase;
			buildActionMask = 2147483647;
			files = (
				1050C2E9455BA2F1D2BDA00D /* libPods-SegmentPagerControllerExample.a in Frameworks */,
			);
			runOnlyForDeploymentPostprocessing = 0;
		};
/* End PBXFrameworksBuildPhase section */

/* Begin PBXGroup section */
		070AC0F11FB1B17400F052E5 = {
			isa = PBXGroup;
			children = (
				070AC0FC1FB1B17400F052E5 /* SegmentPagerControllerExample */,
				070AC0FB1FB1B17400F052E5 /* Products */,
				44EF367B641FA4D609D4B714 /* Pods */,
				57224EAA28AE82EB7E71F66C /* Frameworks */,
			);
			sourceTree = "<group>";
		};
		070AC0FB1FB1B17400F052E5 /* Products */ = {
			isa = PBXGroup;
			children = (
				070AC0FA1FB1B17400F052E5 /* SegmentPagerControllerExample.app */,
			);
			name = Products;
			sourceTree = "<group>";
		};
		070AC0FC1FB1B17400F052E5 /* SegmentPagerControllerExample */ = {
			isa = PBXGroup;
			children = (
				070AC0FD1FB1B17400F052E5 /* AppDelegate.h */,
				070AC0FE1FB1B17400F052E5 /* AppDelegate.m */,
				070AC1001FB1B17400F052E5 /* ViewController.h */,
				070AC1011FB1B17400F052E5 /* ViewController.m */,
				070AC1141FB1B20400F052E5 /* DemoViewController.h */,
				070AC1131FB1B20400F052E5 /* DemoViewController.m */,
				070AC1031FB1B17500F052E5 /* Main.storyboard */,
				070AC1061FB1B17500F052E5 /* Assets.xcassets */,
				070AC1081FB1B17500F052E5 /* LaunchScreen.storyboard */,
				070AC10B1FB1B17500F052E5 /* Info.plist */,
				070AC10C1FB1B17500F052E5 /* main.m */,
			);
			path = SegmentPagerControllerExample;
			sourceTree = "<group>";
		};
		44EF367B641FA4D609D4B714 /* Pods */ = {
			isa = PBXGroup;
			children = (
				5DAB6D64A3A875D8678536F0 /* Pods-SegmentPagerControllerExample.debug.xcconfig */,
				D1C2C45670132C51641EBEB9 /* Pods-SegmentPagerControllerExample.release.xcconfig */,
			);
			name = Pods;
			sourceTree = "<group>";
		};
		57224EAA28AE82EB7E71F66C /* Frameworks */ = {
			isa = PBXGroup;
			children = (
				6058C0C919B02F1FB41D724C /* libPods-SegmentPagerControllerExample.a */,
			);
			name = Frameworks;
			sourceTree = "<group>";
		};
/* End PBXGroup section */

/* Begin PBXNativeTarget section */
		070AC0F91FB1B17400F052E5 /* SegmentPagerControllerExample */ = {
			isa = PBXNativeTarget;
			buildConfigurationList = 070AC1101FB1B17500F052E5 /* Build configuration list for PBXNativeTarget "SegmentPagerControllerExample" */;
			buildPhases = (
				FCBD58307DC68F4D256BE7DA /* [CP] Check Pods Manifest.lock */,
				070AC0F61FB1B17400F052E5 /* Sources */,
				070AC0F71FB1B17400F052E5 /* Frameworks */,
				070AC0F81FB1B17400F052E5 /* Resources */,
				7C31C05877E7453D3141B211 /* [CP] Embed Pods Frameworks */,
				55A4206FFD5F83A0313841E3 /* [CP] Copy Pods Resources */,
			);
			buildRules = (
			);
			dependencies = (
			);
			name = SegmentPagerControllerExample;
			productName = SegmentPagerControllerExample;
			productReference = 070AC0FA1FB1B17400F052E5 /* SegmentPagerControllerExample.app */;
			productType = "com.apple.product-type.application";
		};
/* End PBXNativeTarget section */

/* Begin PBXProject section */
		070AC0F21FB1B17400F052E5 /* Project object */ = {
			isa = PBXProject;
			attributes = {
				LastUpgradeCheck = 0910;
				ORGANIZATIONNAME = WangChongyang;
				TargetAttributes = {
					070AC0F91FB1B17400F052E5 = {
						CreatedOnToolsVersion = 9.1;
						ProvisioningStyle = Automatic;
					};
				};
			};
			buildConfigurationList = 070AC0F51FB1B17400F052E5 /* Build configuration list for PBXProject "SegmentPagerControllerExample" */;
			compatibilityVersion = "Xcode 8.0";
			developmentRegion = en;
			hasScannedForEncodings = 0;
			knownRegions = (
				en,
				Base,
			);
			mainGroup = 070AC0F11FB1B17400F052E5;
			productRefGroup = 070AC0FB1FB1B17400F052E5 /* Products */;
			projectDirPath = "";
			projectRoot = "";
			targets = (
				070AC0F91FB1B17400F052E5 /* SegmentPagerControllerExample */,
			);
		};
/* End PBXProject section */

/* Begin PBXResourcesBuildPhase section */
		070AC0F81FB1B17400F052E5 /* Resources */ = {
			isa = PBXResourcesBuildPhase;
			buildActionMask = 2147483647;
			files = (
				070AC10A1FB1B17500F052E5 /* LaunchScreen.storyboard in Resources */,
				070AC1071FB1B17500F052E5 /* Assets.xcassets in Resources */,
				070AC1051FB1B17500F052E5 /* Main.storyboard in Resources */,
			);
			runOnlyForDeploymentPostprocessing = 0;
		};
/* End PBXResourcesBuildPhase section */

/* Begin PBXShellScriptBuildPhase section */
		55A4206FFD5F83A0313841E3 /* [CP] Copy Pods Resources */ = {
			isa = PBXShellScriptBuildPhase;
			buildActionMask = 2147483647;
			files = (
			);
			inputPaths = (
			);
			name = "[CP] Copy Pods Resources";
			outputPaths = (
			);
			runOnlyForDeploymentPostprocessing = 0;
			shellPath = /bin/sh;
			shellScript = "\"${SRCROOT}/Pods/Target Support Files/Pods-SegmentPagerControllerExample/Pods-SegmentPagerControllerExample-resources.sh\"\n";
			showEnvVarsInLog = 0;
		};
		7C31C05877E7453D3141B211 /* [CP] Embed Pods Frameworks */ = {
			isa = PBXShellScriptBuildPhase;
			buildActionMask = 2147483647;
			files = (
			);
			inputPaths = (
			);
			name = "[CP] Embed Pods Frameworks";
			outputPaths = (
			);
			runOnlyForDeploymentPostprocessing = 0;
			shellPath = /bin/sh;
			shellScript = "\"${SRCROOT}/Pods/Target Support Files/Pods-SegmentPagerControllerExample/Pods-SegmentPagerControllerExample-frameworks.sh\"\n";
			showEnvVarsInLog = 0;
		};
		FCBD58307DC68F4D256BE7DA /* [CP] Check Pods Manifest.lock */ = {
			isa = PBXShellScriptBuildPhase;
			buildActionMask = 2147483647;
			files = (
			);
			inputPaths = (
				"${PODS_PODFILE_DIR_PATH}/Podfile.lock",
				"${PODS_ROOT}/Manifest.lock",
			);
			name = "[CP] Check Pods Manifest.lock";
			outputPaths = (
				"$(DERIVED_FILE_DIR)/Pods-SegmentPagerControllerExample-checkManifestLockResult.txt",
			);
			runOnlyForDeploymentPostprocessing = 0;
			shellPath = /bin/sh;
			shellScript = "diff \"${PODS_PODFILE_DIR_PATH}/Podfile.lock\" \"${PODS_ROOT}/Manifest.lock\" > /dev/null\nif [ $? != 0 ] ; then\n    # print error to STDERR\n    echo \"error: The sandbox is not in sync with the Podfile.lock. Run 'pod install' or update your CocoaPods installation.\" >&2\n    exit 1\nfi\n# This output is used by Xcode 'outputs' to avoid re-running this script phase.\necho \"SUCCESS\" > \"${SCRIPT_OUTPUT_FILE_0}\"\n";
			showEnvVarsInLog = 0;
		};
/* End PBXShellScriptBuildPhase section */

/* Begin PBXSourcesBuildPhase section */
		070AC0F61FB1B17400F052E5 /* Sources */ = {
			isa = PBXSourcesBuildPhase;
			buildActionMask = 2147483647;
			files = (
				070AC1021FB1B17400F052E5 /* ViewController.m in Sources */,
				070AC10D1FB1B17500F052E5 /* main.m in Sources */,
				070AC0FF1FB1B17400F052E5 /* AppDelegate.m in Sources */,
				070AC1151FB1B20400F052E5 /* DemoViewController.m in Sources */,
			);
			runOnlyForDeploymentPostprocessing = 0;
		};
/* End PBXSourcesBuildPhase section */

/* Begin PBXVariantGroup section */
		070AC1031FB1B17500F052E5 /* Main.storyboard */ = {
			isa = PBXVariantGroup;
			children = (
				070AC1041FB1B17500F052E5 /* Base */,
			);
			name = Main.storyboard;
			sourceTree = "<group>";
		};
		070AC1081FB1B17500F052E5 /* LaunchScreen.storyboard */ = {
			isa = PBXVariantGroup;
			children = (
				070AC1091FB1B17500F052E5 /* Base */,
			);
			name = LaunchScreen.storyboard;
			sourceTree = "<group>";
		};
/* End PBXVariantGroup section */

/* Begin XCBuildConfiguration section */
		070AC10E1FB1B17500F052E5 /* Debug */ = {
			isa = XCBuildConfiguration;
			buildSettings = {
				ALWAYS_SEARCH_USER_PATHS = NO;
				CLANG_ANALYZER_NONNULL = YES;
				CLANG_ANALYZER_NUMBER_OBJECT_CONVERSION = YES_AGGRESSIVE;
				CLANG_CXX_LANGUAGE_STANDARD = "gnu++14";
				CLANG_CXX_LIBRARY = "libc++";
				CLANG_ENABLE_MODULES = YES;
				CLANG_ENABLE_OBJC_ARC = YES;
				CLANG_WARN_BLOCK_CAPTURE_AUTORELEASING = YES;
				CLANG_WARN_BOOL_CONVERSION = YES;
				CLANG_WARN_COMMA = YES;
				CLANG_WARN_CONSTANT_CONVERSION = YES;
				CLANG_WARN_DIRECT_OBJC_ISA_USAGE = YES_ERROR;
				CLANG_WARN_DOCUMENTATION_COMMENTS = YES;
				CLANG_WARN_EMPTY_BODY = YES;
				CLANG_WARN_ENUM_CONVERSION = YES;
				CLANG_WARN_INFINITE_RECURSION = YES;
				CLANG_WARN_INT_CONVERSION = YES;
				CLANG_WARN_NON_LITERAL_NULL_CONVERSION = YES;
				CLANG_WARN_OBJC_LITERAL_CONVERSION = YES;
				CLANG_WARN_OBJC_ROOT_CLASS = YES_ERROR;
				CLANG_WARN_RANGE_LOOP_ANALYSIS = YES;
				CLANG_WARN_STRICT_PROTOTYPES = YES;
				CLANG_WARN_SUSPICIOUS_MOVE = YES;
				CLANG_WARN_UNGUARDED_AVAILABILITY = YES_AGGRESSIVE;
				CLANG_WARN_UNREACHABLE_CODE = YES;
				CLANG_WARN__DUPLICATE_METHOD_MATCH = YES;
				CODE_SIGN_IDENTITY = "iPhone Developer";
				COPY_PHASE_STRIP = NO;
				DEBUG_INFORMATION_FORMAT = dwarf;
				ENABLE_STRICT_OBJC_MSGSEND = YES;
				ENABLE_TESTABILITY = YES;
				GCC_C_LANGUAGE_STANDARD = gnu11;
				GCC_DYNAMIC_NO_PIC = NO;
				GCC_NO_COMMON_BLOCKS = YES;
				GCC_OPTIMIZATION_LEVEL = 0;
				GCC_PREPROCESSOR_DEFINITIONS = (
					"DEBUG=1",
					"$(inherited)",
				);
				GCC_WARN_64_TO_32_BIT_CONVERSION = YES;
				GCC_WARN_ABOUT_RETURN_TYPE = YES_ERROR;
				GCC_WARN_UNDECLARED_SELECTOR = YES;
				GCC_WARN_UNINITIALIZED_AUTOS = YES_AGGRESSIVE;
				GCC_WARN_UNUSED_FUNCTION = YES;
				GCC_WARN_UNUSED_VARIABLE = YES;
				IPHONEOS_DEPLOYMENT_TARGET = 8.0;
				MTL_ENABLE_DEBUG_INFO = YES;
				ONLY_ACTIVE_ARCH = YES;
				SDKROOT = iphoneos;
			};
			name = Debug;
		};
		070AC10F1FB1B17500F052E5 /* Release */ = {
			isa = XCBuildConfiguration;
			buildSettings = {
				ALWAYS_SEARCH_USER_PATHS = NO;
				CLANG_ANALYZER_NONNULL = YES;
				CLANG_ANALYZER_NUMBER_OBJECT_CONVERSION = YES_AGGRESSIVE;
				CLANG_CXX_LANGUAGE_STANDARD = "gnu++14";
				CLANG_CXX_LIBRARY = "libc++";
				CLANG_ENABLE_MODULES = YES;
				CLANG_ENABLE_OBJC_ARC = YES;
				CLANG_WARN_BLOCK_CAPTURE_AUTORELEASING = YES;
				CLANG_WARN_BOOL_CONVERSION = YES;
				CLANG_WARN_COMMA = YES;
				CLANG_WARN_CONSTANT_CONVERSION = YES;
				CLANG_WARN_DIRECT_OBJC_ISA_USAGE = YES_ERROR;
				CLANG_WARN_DOCUMENTATION_COMMENTS = YES;
				CLANG_WARN_EMPTY_BODY = YES;
				CLANG_WARN_ENUM_CONVERSION = YES;
				CLANG_WARN_INFINITE_RECURSION = YES;
				CLANG_WARN_INT_CONVERSION = YES;
				CLANG_WARN_NON_LITERAL_NULL_CONVERSION = YES;
				CLANG_WARN_OBJC_LITERAL_CONVERSION = YES;
				CLANG_WARN_OBJC_ROOT_CLASS = YES_ERROR;
				CLANG_WARN_RANGE_LOOP_ANALYSIS = YES;
				CLANG_WARN_STRICT_PROTOTYPES = YES;
				CLANG_WARN_SUSPICIOUS_MOVE = YES;
				CLANG_WARN_UNGUARDED_AVAILABILITY = YES_AGGRESSIVE;
				CLANG_WARN_UNREACHABLE_CODE = YES;
				CLANG_WARN__DUPLICATE_METHOD_MATCH = YES;
				CODE_SIGN_IDENTITY = "iPhone Developer";
				COPY_PHASE_STRIP = NO;
				DEBUG_INFORMATION_FORMAT = "dwarf-with-dsym";
				ENABLE_NS_ASSERTIONS = NO;
				ENABLE_STRICT_OBJC_MSGSEND = YES;
				GCC_C_LANGUAGE_STANDARD = gnu11;
				GCC_NO_COMMON_BLOCKS = YES;
				GCC_WARN_64_TO_32_BIT_CONVERSION = YES;
				GCC_WARN_ABOUT_RETURN_TYPE = YES_ERROR;
				GCC_WARN_UNDECLARED_SELECTOR = YES;
				GCC_WARN_UNINITIALIZED_AUTOS = YES_AGGRESSIVE;
				GCC_WARN_UNUSED_FUNCTION = YES;
				GCC_WARN_UNUSED_VARIABLE = YES;
				IPHONEOS_DEPLOYMENT_TARGET = 8.0;
				MTL_ENABLE_DEBUG_INFO = NO;
				SDKROOT = iphoneos;
				VALIDATE_PRODUCT = YES;
			};
			name = Release;
		};
		070AC1111FB1B17500F052E5 /* Debug */ = {
			isa = XCBuildConfiguration;
			baseConfigurationReference = 5DAB6D64A3A875D8678536F0 /* Pods-SegmentPagerControllerExample.debug.xcconfig */;
			buildSettings = {
				ASSETCATALOG_COMPILER_APPICON_NAME = AppIcon;
				CODE_SIGN_STYLE = Automatic;
				INFOPLIST_FILE = SegmentPagerControllerExample/Info.plist;
				LD_RUNPATH_SEARCH_PATHS = "$(inherited) @executable_path/Frameworks";
				PRODUCT_BUNDLE_IDENTIFIER = WangChongyang.SegmentPagerController;
				PRODUCT_NAME = "$(TARGET_NAME)";
				TARGETED_DEVICE_FAMILY = "1,2";
			};
			name = Debug;
		};
		070AC1121FB1B17500F052E5 /* Release */ = {
			isa = XCBuildConfiguration;
			baseConfigurationReference = D1C2C45670132C51641EBEB9 /* Pods-SegmentPagerControllerExample.release.xcconfig */;
			buildSettings = {
				ASSETCATALOG_COMPILER_APPICON_NAME = AppIcon;
				CODE_SIGN_STYLE = Automatic;
				INFOPLIST_FILE = SegmentPagerControllerExample/Info.plist;
				LD_RUNPATH_SEARCH_PATHS = "$(inherited) @executable_path/Frameworks";
				PRODUCT_BUNDLE_IDENTIFIER = WangChongyang.SegmentPagerController;
				PRODUCT_NAME = "$(TARGET_NAME)";
				TARGETED_DEVICE_FAMILY = "1,2";
			};
			name = Release;
		};
/* End XCBuildConfiguration section */

/* Begin XCConfigurationList section */
		070AC0F51FB1B17400F052E5 /* Build configuration list for PBXProject "SegmentPagerControllerExample" */ = {
			isa = XCConfigurationList;
			buildConfigurations = (
				070AC10E1FB1B17500F052E5 /* Debug */,
				070AC10F1FB1B17500F052E5 /* Release */,
			);
			defaultConfigurationIsVisible = 0;
			defaultConfigurationName = Release;
		};
		070AC1101FB1B17500F052E5 /* Build configuration list for PBXNativeTarget "SegmentPagerControllerExample" */ = {
			isa = XCConfigurationList;
			buildConfigurations = (
				070AC1111FB1B17500F052E5 /* Debug */,
				070AC1121FB1B17500F052E5 /* Release */,
			);
			defaultConfigurationIsVisible = 0;
			defaultConfigurationName = Release;
		};
/* End XCConfigurationList section */
	};
	rootObject = 070AC0F21FB1B17400F052E5 /* Project object */;
}
