PODS:
  - HMSegmentedControl (1.5.4)
  - Masonry (1.0.2)

DEPENDENCIES:
  - HMSegmentedControl (~> 1.5.4)
  - Masonry (~> 1.0.2)

SPEC CHECKSUMS:
  HMSegmentedControl: b25bc4ec44766e073d62c473188fb354ee244b76
  Masonry: 7c429b56da9d4ee0bbb3ed77a5ea710d6a5df39e

PODFILE CHECKSUM: 0c2aa560568d0e60e5ffd595064f20825a374996

COCOAPODS: 1.2.1
